
Microsoft Visual Studio Solution File, Format Version 12.00
# Visual Studio Version 17
VisualStudioVersion = 17.6.33723.286
MinimumVisualStudioVersion = 10.0.40219.1
Project("{FAE04EC0-301F-11D3-BF4B-00C04F79EFBC}") = "Rostelekom", "Rostelekom.csproj", "{88A3CD59-0D08-4CE5-B474-FAC2EF36B03C}"
EndProject
Global
	GlobalSection(SolutionConfigurationPlatforms) = preSolution
		Debug|Any CPU = Debug|Any CPU
		Release|Any CPU = Release|Any CPU
	EndGlobalSection
	GlobalSection(ProjectConfigurationPlatforms) = postSolution
		{88A3CD59-0D08-4CE5-B474-FAC2EF36B03C}.Debug|Any CPU.ActiveCfg = Debug|Any CPU
		{88A3CD59-0D08-4CE5-B474-FAC2EF36B03C}.Debug|Any CPU.Build.0 = Debug|Any CPU
		{88A3CD59-0D08-4CE5-B474-FAC2EF36B03C}.Release|Any CPU.ActiveCfg = Release|Any CPU
		{88A3CD59-0D08-4CE5-B474-FAC2EF36B03C}.Release|Any CPU.Build.0 = Release|Any CPU
	EndGlobalSection
	GlobalSection(SolutionProperties) = preSolution
		HideSolutionNode = FALSE
	EndGlobalSection
	GlobalSection(ExtensibilityGlobals) = postSolution
		SolutionGuid = {50D5A3A2-374D-468A-8FF6-E9CA95A5C2C3}
	EndGlobalSection
EndGlobal
